
Microsoft Visual Studio Solution File, Format Version 12.00
# Visual Studio Version 16
VisualStudioVersion = 16.0.33801.447
MinimumVisualStudioVersion = 10.0.40219.1
Project("{FAE04EC0-301F-11D3-BF4B-00C04F79EFBC}") = "CarInsurance", "CarInsurance\CarInsurance.csproj", "{FB610AB0-75D6-43D4-B133-59F706AE714F}"
EndProject
Global
	GlobalSection(SolutionConfigurationPlatforms) = preSolution
		Debug|Any CPU = Debug|Any CPU
		Release|Any CPU = Release|Any CPU
	EndGlobalSection
	GlobalSection(ProjectConfigurationPlatforms) = postSolution
		{FB610AB0-75D6-43D4-B133-59F706AE714F}.Debug|Any CPU.ActiveCfg = Debug|Any CPU
		{FB610AB0-75D6-43D4-B133-59F706AE714F}.Debug|Any CPU.Build.0 = Debug|Any CPU
		{FB610AB0-75D6-43D4-B133-59F706AE714F}.Release|Any CPU.ActiveCfg = Release|Any CPU
		{FB610AB0-75D6-43D4-B133-59F706AE714F}.Release|Any CPU.Build.0 = Release|Any CPU
	EndGlobalSection
	GlobalSection(SolutionProperties) = preSolution
		HideSolutionNode = FALSE
	EndGlobalSection
	GlobalSection(ExtensibilityGlobals) = postSolution
		SolutionGuid = {2450C2FC-3B78-4F95-8E0E-A34776E14232}
	EndGlobalSection
EndGlobal
