
Microsoft Visual Studio Solution File, Format Version 12.00
# Visual Studio Version 16
VisualStudioVersion = 16.0.33801.447
MinimumVisualStudioVersion = 10.0.40219.1
Project("{FAE04EC0-301F-11D3-BF4B-00C04F79EFBC}") = "MethodAssignment", "MethodAssignment\MethodAssignment.csproj", "{CF1EE65C-E845-4BA9-9929-F4856C7D0B33}"
EndProject
Global
	GlobalSection(SolutionConfigurationPlatforms) = preSolution
		Debug|Any CPU = Debug|Any CPU
		Release|Any CPU = Release|Any CPU
	EndGlobalSection
	GlobalSection(ProjectConfigurationPlatforms) = postSolution
		{CF1EE65C-E845-4BA9-9929-F4856C7D0B33}.Debug|Any CPU.ActiveCfg = Debug|Any CPU
		{CF1EE65C-E845-4BA9-9929-F4856C7D0B33}.Debug|Any CPU.Build.0 = Debug|Any CPU
		{CF1EE65C-E845-4BA9-9929-F4856C7D0B33}.Release|Any CPU.ActiveCfg = Release|Any CPU
		{CF1EE65C-E845-4BA9-9929-F4856C7D0B33}.Release|Any CPU.Build.0 = Release|Any CPU
	EndGlobalSection
	GlobalSection(SolutionProperties) = preSolution
		HideSolutionNode = FALSE
	EndGlobalSection
	GlobalSection(ExtensibilityGlobals) = postSolution
		SolutionGuid = {A8B27C96-DB77-4554-A20A-32CA8AE3C5D4}
	EndGlobalSection
EndGlobal
