
Microsoft Visual Studio Solution File, Format Version 12.00
# Visual Studio Version 16
VisualStudioVersion = 16.0.33801.447
MinimumVisualStudioVersion = 10.0.40219.1
Project("{FAE04EC0-301F-11D3-BF4B-00C04F79EFBC}") = "CodeFirstNewDatabaseSample", "CodeFirstNewDatabaseSample\CodeFirstNewDatabaseSample.csproj", "{F4CA4358-9D08-4404-8C61-76318EF6C27E}"
EndProject
Global
	GlobalSection(SolutionConfigurationPlatforms) = preSolution
		Debug|Any CPU = Debug|Any CPU
		Release|Any CPU = Release|Any CPU
	EndGlobalSection
	GlobalSection(ProjectConfigurationPlatforms) = postSolution
		{F4CA4358-9D08-4404-8C61-76318EF6C27E}.Debug|Any CPU.ActiveCfg = Debug|Any CPU
		{F4CA4358-9D08-4404-8C61-76318EF6C27E}.Debug|Any CPU.Build.0 = Debug|Any CPU
		{F4CA4358-9D08-4404-8C61-76318EF6C27E}.Release|Any CPU.ActiveCfg = Release|Any CPU
		{F4CA4358-9D08-4404-8C61-76318EF6C27E}.Release|Any CPU.Build.0 = Release|Any CPU
	EndGlobalSection
	GlobalSection(SolutionProperties) = preSolution
		HideSolutionNode = FALSE
	EndGlobalSection
	GlobalSection(ExtensibilityGlobals) = postSolution
		SolutionGuid = {307A7C02-D0D2-4E89-9F8A-355C5E788D13}
	EndGlobalSection
EndGlobal
