
Microsoft Visual Studio Solution File, Format Version 12.00
# Visual Studio Version 16
VisualStudioVersion = 16.0.33801.447
MinimumVisualStudioVersion = 10.0.40219.1
Project("{FAE04EC0-301F-11D3-BF4B-00C04F79EFBC}") = "ClassAssignment", "ClassAssignment\ClassAssignment.csproj", "{108D0069-6B8C-4369-BE3C-EEABB1F7514D}"
EndProject
Global
	GlobalSection(SolutionConfigurationPlatforms) = preSolution
		Debug|Any CPU = Debug|Any CPU
		Release|Any CPU = Release|Any CPU
	EndGlobalSection
	GlobalSection(ProjectConfigurationPlatforms) = postSolution
		{108D0069-6B8C-4369-BE3C-EEABB1F7514D}.Debug|Any CPU.ActiveCfg = Debug|Any CPU
		{108D0069-6B8C-4369-BE3C-EEABB1F7514D}.Debug|Any CPU.Build.0 = Debug|Any CPU
		{108D0069-6B8C-4369-BE3C-EEABB1F7514D}.Release|Any CPU.ActiveCfg = Release|Any CPU
		{108D0069-6B8C-4369-BE3C-EEABB1F7514D}.Release|Any CPU.Build.0 = Release|Any CPU
	EndGlobalSection
	GlobalSection(SolutionProperties) = preSolution
		HideSolutionNode = FALSE
	EndGlobalSection
	GlobalSection(ExtensibilityGlobals) = postSolution
		SolutionGuid = {8EC43D9B-22F8-4ECB-9CC5-95590CD2AE83}
	EndGlobalSection
EndGlobal
