
Microsoft Visual Studio Solution File, Format Version 12.00
# Visual Studio Version 16
VisualStudioVersion = 16.0.33801.447
MinimumVisualStudioVersion = 10.0.40219.1
Project("{FAE04EC0-301F-11D3-BF4B-00C04F79EFBC}") = "Iteration", "Iteration\Iteration.csproj", "{5340DE7A-C96D-4CBB-A9DF-100DB6673D7D}"
EndProject
Global
	GlobalSection(SolutionConfigurationPlatforms) = preSolution
		Debug|Any CPU = Debug|Any CPU
		Release|Any CPU = Release|Any CPU
	EndGlobalSection
	GlobalSection(ProjectConfigurationPlatforms) = postSolution
		{5340DE7A-C96D-4CBB-A9DF-100DB6673D7D}.Debug|Any CPU.ActiveCfg = Debug|Any CPU
		{5340DE7A-C96D-4CBB-A9DF-100DB6673D7D}.Debug|Any CPU.Build.0 = Debug|Any CPU
		{5340DE7A-C96D-4CBB-A9DF-100DB6673D7D}.Release|Any CPU.ActiveCfg = Release|Any CPU
		{5340DE7A-C96D-4CBB-A9DF-100DB6673D7D}.Release|Any CPU.Build.0 = Release|Any CPU
	EndGlobalSection
	GlobalSection(SolutionProperties) = preSolution
		HideSolutionNode = FALSE
	EndGlobalSection
	GlobalSection(ExtensibilityGlobals) = postSolution
		SolutionGuid = {B33A66EC-B593-4C88-8CB1-BA074C42158A}
	EndGlobalSection
EndGlobal
